// !$*UTF8*$!
{
	archiveVersion = 1;
	classes = {
	};
	objectVersion = 46;
	objects = {

/* Begin PBXBuildFile section */
		957F405D199F245200A9C802 /* AppDelegate.swift in Sources */ = {isa = PBXBuildFile; fileRef = 957F405C199F245200A9C802 /* AppDelegate.swift */; };
		957F4060199F245200A9C802 /* Weather.xcdatamodeld in Sources */ = {isa = PBXBuildFile; fileRef = 957F405E199F245200A9C802 /* Weather.xcdatamodeld */; };
		957F4062199F245200A9C802 /* ViewController.swift in Sources */ = {isa = PBXBuildFile; fileRef = 957F4061199F245200A9C802 /* ViewController.swift */; };
		957F4065199F245200A9C802 /* Main.storyboard in Resources */ = {isa = PBXBuildFile; fileRef = 957F4063199F245200A9C802 /* Main.storyboard */; };
		957F4067199F245300A9C802 /* Images.xcassets in Resources */ = {isa = PBXBuildFile; fileRef = 957F4066199F245300A9C802 /* Images.xcassets */; };
		957F4073199F245300A9C802 /* WeatherTests.swift in Sources */ = {isa = PBXBuildFile; fileRef = 957F4072199F245300A9C802 /* WeatherTests.swift */; };
		957F407D199F300400A9C802 /* rain.png in Resources */ = {isa = PBXBuildFile; fileRef = 957F407C199F300400A9C802 /* rain.png */; };
		957F407F199F332A00A9C802 /* 2011042154565430.jpg in Resources */ = {isa = PBXBuildFile; fileRef = 957F407E199F332A00A9C802 /* 2011042154565430.jpg */; };
/* End PBXBuildFile section */

/* Begin PBXContainerItemProxy section */
		957F406D199F245300A9C802 /* PBXContainerItemProxy */ = {
			isa = PBXContainerItemProxy;
			containerPortal = 957F404F199F245100A9C802 /* Project object */;
			proxyType = 1;
			remoteGlobalIDString = 957F4056199F245100A9C802;
			remoteInfo = Weather;
		};
/* End PBXContainerItemProxy section */

/* Begin PBXFileReference section */
		957F4057199F245100A9C802 /* Weather.app */ = {isa = PBXFileReference; explicitFileType = wrapper.application; includeInIndex = 0; path = Weather.app; sourceTree = BUILT_PRODUCTS_DIR; };
		957F405B199F245200A9C802 /* Info.plist */ = {isa = PBXFileReference; lastKnownFileType = text.plist.xml; path = Info.plist; sourceTree = "<group>"; };
		957F405C199F245200A9C802 /* AppDelegate.swift */ = {isa = PBXFileReference; lastKnownFileType = sourcecode.swift; path = AppDelegate.swift; sourceTree = "<group>"; };
		957F405F199F245200A9C802 /* Weather.xcdatamodel */ = {isa = PBXFileReference; lastKnownFileType = wrapper.xcdatamodel; path = Weather.xcdatamodel; sourceTree = "<group>"; };
		957F4061199F245200A9C802 /* ViewController.swift */ = {isa = PBXFileReference; lastKnownFileType = sourcecode.swift; path = ViewController.swift; sourceTree = "<group>"; };
		957F4064199F245200A9C802 /* Base */ = {isa = PBXFileReference; lastKnownFileType = file.storyboard; name = Base; path = Base.lproj/Main.storyboard; sourceTree = "<group>"; };
		957F4066199F245300A9C802 /* Images.xcassets */ = {isa = PBXFileReference; lastKnownFileType = folder.assetcatalog; path = Images.xcassets; sourceTree = "<group>"; };
		957F406C199F245300A9C802 /* WeatherTests.xctest */ = {isa = PBXFileReference; explicitFileType = wrapper.cfbundle; includeInIndex = 0; path = WeatherTests.xctest; sourceTree = BUILT_PRODUCTS_DIR; };
		957F4071199F245300A9C802 /* Info.plist */ = {isa = PBXFileReference; lastKnownFileType = text.plist.xml; path = Info.plist; sourceTree = "<group>"; };
		957F4072199F245300A9C802 /* WeatherTests.swift */ = {isa = PBXFileReference; lastKnownFileType = sourcecode.swift; path = WeatherTests.swift; sourceTree = "<group>"; };
		957F407C199F300400A9C802 /* rain.png */ = {isa = PBXFileReference; lastKnownFileType = image.png; path = rain.png; sourceTree = "<group>"; };
		957F407E199F332A00A9C802 /* 2011042154565430.jpg */ = {isa = PBXFileReference; lastKnownFileType = image.jpeg; path = 2011042154565430.jpg; sourceTree = "<group>"; };
/* End PBXFileReference section */

/* Begin PBXFrameworksBuildPhase section */
		957F4054199F245100A9C802 /* Frameworks */ = {
			isa = PBXFrameworksBuildPhase;
			buildActionMask = 2147483647;
			files = (
			);
			runOnlyForDeploymentPostprocessing = 0;
		};
		957F4069199F245300A9C802 /* Frameworks */ = {
			isa = PBXFrameworksBuildPhase;
			buildActionMask = 2147483647;
			files = (
			);
			runOnlyForDeploymentPostprocessing = 0;
		};
/* End PBXFrameworksBuildPhase section */

/* Begin PBXGroup section */
		957F404E199F245100A9C802 = {
			isa = PBXGroup;
			children = (
				957F4059199F245100A9C802 /* Weather */,
				957F406F199F245300A9C802 /* WeatherTests */,
				957F4058199F245100A9C802 /* Products */,
			);
			sourceTree = "<group>";
		};
		957F4058199F245100A9C802 /* Products */ = {
			isa = PBXGroup;
			children = (
				957F4057199F245100A9C802 /* Weather.app */,
				957F406C199F245300A9C802 /* WeatherTests.xctest */,
			);
			name = Products;
			sourceTree = "<group>";
		};
		957F4059199F245100A9C802 /* Weather */ = {
			isa = PBXGroup;
			children = (
				957F407E199F332A00A9C802 /* 2011042154565430.jpg */,
				957F407C199F300400A9C802 /* rain.png */,
				957F405C199F245200A9C802 /* AppDelegate.swift */,
				957F4061199F245200A9C802 /* ViewController.swift */,
				957F4063199F245200A9C802 /* Main.storyboard */,
				957F4066199F245300A9C802 /* Images.xcassets */,
				957F405E199F245200A9C802 /* Weather.xcdatamodeld */,
				957F405A199F245200A9C802 /* Supporting Files */,
			);
			path = Weather;
			sourceTree = "<group>";
		};
		957F405A199F245200A9C802 /* Supporting Files */ = {
			isa = PBXGroup;
			children = (
				957F405B199F245200A9C802 /* Info.plist */,
			);
			name = "Supporting Files";
			sourceTree = "<group>";
		};
		957F406F199F245300A9C802 /* WeatherTests */ = {
			isa = PBXGroup;
			children = (
				957F4072199F245300A9C802 /* WeatherTests.swift */,
				957F4070199F245300A9C802 /* Supporting Files */,
			);
			path = WeatherTests;
			sourceTree = "<group>";
		};
		957F4070199F245300A9C802 /* Supporting Files */ = {
			isa = PBXGroup;
			children = (
				957F4071199F245300A9C802 /* Info.plist */,
			);
			name = "Supporting Files";
			sourceTree = "<group>";
		};
/* End PBXGroup section */

/* Begin PBXNativeTarget section */
		957F4056199F245100A9C802 /* Weather */ = {
			isa = PBXNativeTarget;
			buildConfigurationList = 957F4076199F245300A9C802 /* Build configuration list for PBXNativeTarget "Weather" */;
			buildPhases = (
				957F4053199F245100A9C802 /* Sources */,
				957F4054199F245100A9C802 /* Frameworks */,
				957F4055199F245100A9C802 /* Resources */,
			);
			buildRules = (
			);
			dependencies = (
			);
			name = Weather;
			productName = Weather;
			productReference = 957F4057199F245100A9C802 /* Weather.app */;
			productType = "com.apple.product-type.application";
		};
		957F406B199F245300A9C802 /* WeatherTests */ = {
			isa = PBXNativeTarget;
			buildConfigurationList = 957F4079199F245300A9C802 /* Build configuration list for PBXNativeTarget "WeatherTests" */;
			buildPhases = (
				957F4068199F245300A9C802 /* Sources */,
				957F4069199F245300A9C802 /* Frameworks */,
				957F406A199F245300A9C802 /* Resources */,
			);
			buildRules = (
			);
			dependencies = (
				957F406E199F245300A9C802 /* PBXTargetDependency */,
			);
			name = WeatherTests;
			productName = WeatherTests;
			productReference = 957F406C199F245300A9C802 /* WeatherTests.xctest */;
			productType = "com.apple.product-type.bundle.unit-test";
		};
/* End PBXNativeTarget section */

/* Begin PBXProject section */
		957F404F199F245100A9C802 /* Project object */ = {
			isa = PBXProject;
			attributes = {
				LastUpgradeCheck = 0600;
				ORGANIZATIONNAME = Mango;
				TargetAttributes = {
					957F4056199F245100A9C802 = {
						CreatedOnToolsVersion = 6.0;
					};
					957F406B199F245300A9C802 = {
						CreatedOnToolsVersion = 6.0;
						TestTargetID = 957F4056199F245100A9C802;
					};
				};
			};
			buildConfigurationList = 957F4052199F245100A9C802 /* Build configuration list for PBXProject "Weather" */;
			compatibilityVersion = "Xcode 3.2";
			developmentRegion = English;
			hasScannedForEncodings = 0;
			knownRegions = (
				en,
				Base,
			);
			mainGroup = 957F404E199F245100A9C802;
			productRefGroup = 957F4058199F245100A9C802 /* Products */;
			projectDirPath = "";
			projectRoot = "";
			targets = (
				957F4056199F245100A9C802 /* Weather */,
				957F406B199F245300A9C802 /* WeatherTests */,
			);
		};
/* End PBXProject section */

/* Begin PBXResourcesBuildPhase section */
		957F4055199F245100A9C802 /* Resources */ = {
			isa = PBXResourcesBuildPhase;
			buildActionMask = 2147483647;
			files = (
				957F4065199F245200A9C802 /* Main.storyboard in Resources */,
				957F4067199F245300A9C802 /* Images.xcassets in Resources */,
				957F407F199F332A00A9C802 /* 2011042154565430.jpg in Resources */,
				957F407D199F300400A9C802 /* rain.png in Resources */,
			);
			runOnlyForDeploymentPostprocessing = 0;
		};
		957F406A199F245300A9C802 /* Resources */ = {
			isa = PBXResourcesBuildPhase;
			buildActionMask = 2147483647;
			files = (
			);
			runOnlyForDeploymentPostprocessing = 0;
		};
/* End PBXResourcesBuildPhase section */

/* Begin PBXSourcesBuildPhase section */
		957F4053199F245100A9C802 /* Sources */ = {
			isa = PBXSourcesBuildPhase;
			buildActionMask = 2147483647;
			files = (
				957F4062199F245200A9C802 /* ViewController.swift in Sources */,
				957F4060199F245200A9C802 /* Weather.xcdatamodeld in Sources */,
				957F405D199F245200A9C802 /* AppDelegate.swift in Sources */,
			);
			runOnlyForDeploymentPostprocessing = 0;
		};
		957F4068199F245300A9C802 /* Sources */ = {
			isa = PBXSourcesBuildPhase;
			buildActionMask = 2147483647;
			files = (
				957F4073199F245300A9C802 /* WeatherTests.swift in Sources */,
			);
			runOnlyForDeploymentPostprocessing = 0;
		};
/* End PBXSourcesBuildPhase section */

/* Begin PBXTargetDependency section */
		957F406E199F245300A9C802 /* PBXTargetDependency */ = {
			isa = PBXTargetDependency;
			target = 957F4056199F245100A9C802 /* Weather */;
			targetProxy = 957F406D199F245300A9C802 /* PBXContainerItemProxy */;
		};
/* End PBXTargetDependency section */

/* Begin PBXVariantGroup section */
		957F4063199F245200A9C802 /* Main.storyboard */ = {
			isa = PBXVariantGroup;
			children = (
				957F4064199F245200A9C802 /* Base */,
			);
			name = Main.storyboard;
			sourceTree = "<group>";
		};
/* End PBXVariantGroup section */

/* Begin XCBuildConfiguration section */
		957F4074199F245300A9C802 /* Debug */ = {
			isa = XCBuildConfiguration;
			buildSettings = {
				ALWAYS_SEARCH_USER_PATHS = NO;
				CLANG_CXX_LANGUAGE_STANDARD = "gnu++0x";
				CLANG_CXX_LIBRARY = "libc++";
				CLANG_ENABLE_MODULES = YES;
				CLANG_ENABLE_OBJC_ARC = YES;
				CLANG_WARN_BOOL_CONVERSION = YES;
				CLANG_WARN_CONSTANT_CONVERSION = YES;
				CLANG_WARN_DIRECT_OBJC_ISA_USAGE = YES_ERROR;
				CLANG_WARN_EMPTY_BODY = YES;
				CLANG_WARN_ENUM_CONVERSION = YES;
				CLANG_WARN_INT_CONVERSION = YES;
				CLANG_WARN_OBJC_ROOT_CLASS = YES_ERROR;
				CLANG_WARN_UNREACHABLE_CODE = YES;
				CLANG_WARN__DUPLICATE_METHOD_MATCH = YES;
				"CODE_SIGN_IDENTITY[sdk=iphoneos*]" = "iPhone Developer";
				COPY_PHASE_STRIP = NO;
				ENABLE_STRICT_OBJC_MSGSEND = YES;
				GCC_C_LANGUAGE_STANDARD = gnu99;
				GCC_DYNAMIC_NO_PIC = NO;
				GCC_OPTIMIZATION_LEVEL = 0;
				GCC_PREPROCESSOR_DEFINITIONS = (
					"DEBUG=1",
					"$(inherited)",
				);
				GCC_SYMBOLS_PRIVATE_EXTERN = NO;
				GCC_WARN_64_TO_32_BIT_CONVERSION = YES;
				GCC_WARN_ABOUT_RETURN_TYPE = YES_ERROR;
				GCC_WARN_UNDECLARED_SELECTOR = YES;
				GCC_WARN_UNINITIALIZED_AUTOS = YES_AGGRESSIVE;
				GCC_WARN_UNUSED_FUNCTION = YES;
				GCC_WARN_UNUSED_VARIABLE = YES;
				IPHONEOS_DEPLOYMENT_TARGET = 8.0;
				MTL_ENABLE_DEBUG_INFO = YES;
				ONLY_ACTIVE_ARCH = YES;
				SDKROOT = iphoneos;
				SWIFT_OPTIMIZATION_LEVEL = "-Onone";
				TARGETED_DEVICE_FAMILY = "1,2";
			};
			name = Debug;
		};
		957F4075199F245300A9C802 /* Release */ = {
			isa = XCBuildConfiguration;
			buildSettings = {
				ALWAYS_SEARCH_USER_PATHS = NO;
				CLANG_CXX_LANGUAGE_STANDARD = "gnu++0x";
				CLANG_CXX_LIBRARY = "libc++";
				CLANG_ENABLE_MODULES = YES;
				CLANG_ENABLE_OBJC_ARC = YES;
				CLANG_WARN_BOOL_CONVERSION = YES;
				CLANG_WARN_CONSTANT_CONVERSION = YES;
				CLANG_WARN_DIRECT_OBJC_ISA_USAGE = YES_ERROR;
				CLANG_WARN_EMPTY_BODY = YES;
				CLANG_WARN_ENUM_CONVERSION = YES;
				CLANG_WARN_INT_CONVERSION = YES;
				CLANG_WARN_OBJC_ROOT_CLASS = YES_ERROR;
				CLANG_WARN_UNREACHABLE_CODE = YES;
				CLANG_WARN__DUPLICATE_METHOD_MATCH = YES;
				"CODE_SIGN_IDENTITY[sdk=iphoneos*]" = "iPhone Developer";
				COPY_PHASE_STRIP = YES;
				ENABLE_NS_ASSERTIONS = NO;
				ENABLE_STRICT_OBJC_MSGSEND = YES;
				GCC_C_LANGUAGE_STANDARD = gnu99;
				GCC_WARN_64_TO_32_BIT_CONVERSION = YES;
				GCC_WARN_ABOUT_RETURN_TYPE = YES_ERROR;
				GCC_WARN_UNDECLARED_SELECTOR = YES;
				GCC_WARN_UNINITIALIZED_AUTOS = YES_AGGRESSIVE;
				GCC_WARN_UNUSED_FUNCTION = YES;
				GCC_WARN_UNUSED_VARIABLE = YES;
				IPHONEOS_DEPLOYMENT_TARGET = 8.0;
				MTL_ENABLE_DEBUG_INFO = NO;
				SDKROOT = iphoneos;
				TARGETED_DEVICE_FAMILY = "1,2";
				VALIDATE_PRODUCT = YES;
			};
			name = Release;
		};
		957F4077199F245300A9C802 /* Debug */ = {
			isa = XCBuildConfiguration;
			buildSettings = {
				ASSETCATALOG_COMPILER_APPICON_NAME = AppIcon;
				ASSETCATALOG_COMPILER_LAUNCHIMAGE_NAME = LaunchImage;
				INFOPLIST_FILE = Weather/Info.plist;
				LD_RUNPATH_SEARCH_PATHS = "$(inherited) @executable_path/Frameworks";
				PRODUCT_NAME = "$(TARGET_NAME)";
			};
			name = Debug;
		};
		957F4078199F245300A9C802 /* Release */ = {
			isa = XCBuildConfiguration;
			buildSettings = {
				ASSETCATALOG_COMPILER_APPICON_NAME = AppIcon;
				ASSETCATALOG_COMPILER_LAUNCHIMAGE_NAME = LaunchImage;
				INFOPLIST_FILE = Weather/Info.plist;
				LD_RUNPATH_SEARCH_PATHS = "$(inherited) @executable_path/Frameworks";
				PRODUCT_NAME = "$(TARGET_NAME)";
			};
			name = Release;
		};
		957F407A199F245300A9C802 /* Debug */ = {
			isa = XCBuildConfiguration;
			buildSettings = {
				BUNDLE_LOADER = "$(TEST_HOST)";
				FRAMEWORK_SEARCH_PATHS = (
					"$(SDKROOT)/Developer/Library/Frameworks",
					"$(inherited)",
				);
				GCC_PREPROCESSOR_DEFINITIONS = (
					"DEBUG=1",
					"$(inherited)",
				);
				INFOPLIST_FILE = WeatherTests/Info.plist;
				LD_RUNPATH_SEARCH_PATHS = "$(inherited) @executable_path/Frameworks @loader_path/Frameworks";
				PRODUCT_NAME = "$(TARGET_NAME)";
				TEST_HOST = "$(BUILT_PRODUCTS_DIR)/Weather.app/Weather";
			};
			name = Debug;
		};
		957F407B199F245300A9C802 /* Release */ = {
			isa = XCBuildConfiguration;
			buildSettings = {
				BUNDLE_LOADER = "$(TEST_HOST)";
				FRAMEWORK_SEARCH_PATHS = (
					"$(SDKROOT)/Developer/Library/Frameworks",
					"$(inherited)",
				);
				INFOPLIST_FILE = WeatherTests/Info.plist;
				LD_RUNPATH_SEARCH_PATHS = "$(inherited) @executable_path/Frameworks @loader_path/Frameworks";
				PRODUCT_NAME = "$(TARGET_NAME)";
				TEST_HOST = "$(BUILT_PRODUCTS_DIR)/Weather.app/Weather";
			};
			name = Release;
		};
/* End XCBuildConfiguration section */

/* Begin XCConfigurationList section */
		957F4052199F245100A9C802 /* Build configuration list for PBXProject "Weather" */ = {
			isa = XCConfigurationList;
			buildConfigurations = (
				957F4074199F245300A9C802 /* Debug */,
				957F4075199F245300A9C802 /* Release */,
			);
			defaultConfigurationIsVisible = 0;
			defaultConfigurationName = Release;
		};
		957F4076199F245300A9C802 /* Build configuration list for PBXNativeTarget "Weather" */ = {
			isa = XCConfigurationList;
			buildConfigurations = (
				957F4077199F245300A9C802 /* Debug */,
				957F4078199F245300A9C802 /* Release */,
			);
			defaultConfigurationIsVisible = 0;
		};
		957F4079199F245300A9C802 /* Build configuration list for PBXNativeTarget "WeatherTests" */ = {
			isa = XCConfigurationList;
			buildConfigurations = (
				957F407A199F245300A9C802 /* Debug */,
				957F407B199F245300A9C802 /* Release */,
			);
			defaultConfigurationIsVisible = 0;
		};
/* End XCConfigurationList section */

/* Begin XCVersionGroup section */
		957F405E199F245200A9C802 /* Weather.xcdatamodeld */ = {
			isa = XCVersionGroup;
			children = (
				957F405F199F245200A9C802 /* Weather.xcdatamodel */,
			);
			currentVersion = 957F405F199F245200A9C802 /* Weather.xcdatamodel */;
			path = Weather.xcdatamodeld;
			sourceTree = "<group>";
			versionGroupType = wrapper.xcdatamodel;
		};
/* End XCVersionGroup section */
	};
	rootObject = 957F404F199F245100A9C802 /* Project object */;
}
